{
  "version": "5",
  "specifiers": {
    "jsr:@libn/base@~0.4.1": "0.4.1",
    "jsr:@libn/json@~0.4.6": "0.4.6",
    "jsr:@libn/result@~0.4.1": "0.4.1",
    "jsr:@libn/router@~0.2.2": "0.2.2",
    "jsr:@libn/types@0.4": "0.4.0",
    "npm:@types/node@^24.10.1": "24.10.1"
  },
  "jsr": {
    "@libn/base@0.4.1": {
      "integrity": "aea8504cf2a0d42f84b9218e802fd157ffc9b04235d6882e01a7e0b37df65959"
    },
    "@libn/json@0.4.6": {
      "integrity": "33ddb87d32c964d77f0a98cc8fac7f8fecaa0e78935388336142081d24c4dba3",
      "dependencies": [
        "jsr:@libn/base"
      ]
    },
    "@libn/result@0.4.1": {
      "integrity": "a04d35c44f185f6bf2c784fdc02db85912fb53323bae2113dab5273ecc7a7070"
    },
    "@libn/router@0.2.2": {
      "integrity": "08c205289cd1f0652fb3740b1483d7cd8218fc81b9ba003eed27cc1cbc15a87d"
    },
    "@libn/types@0.4.0": {
      "integrity": "bf84882fcec65dfc9c3e6eb639ab61f808ae5b0e462328e7de6ba7021dd7043c"
    }
  },
  "npm": {
    "@types/node@24.10.1": {
      "integrity": "sha512-GNWcUTRBgIRJD5zj+Tq0fKOJ5XZajIiBroOF0yvj2bSU1WvNdYS/dn9UxwsujGW4JX06dnHyjV2y9rRaybH0iQ==",
      "dependencies": [
        "undici-types"
      ]
    },
    "undici-types@7.16.0": {
      "integrity": "sha512-Zz+aZWSj8LE6zoxD+xrjh4VfkIG8Ya6LvYkZqtUQGJPZjYl53ypCaUwWqo7eI0x66KBGeRo+mlBEkMSeSZ38Nw=="
    }
  },
  "workspace": {
    "dependencies": [
      "jsr:@libn/json@~0.4.6",
      "jsr:@libn/result@~0.4.1",
      "jsr:@libn/router@~0.2.2",
      "jsr:@libn/types@0.4",
      "npm:@types/node@^24.10.1"
    ]
  }
}
