{
  "version": "5",
  "specifiers": {
    "jsr:@libn/base@0.4": "0.4.0",
    "jsr:@libn/json@~0.4.3": "0.4.3",
    "jsr:@libn/result@~0.4.1": "0.4.1",
    "jsr:@libn/router@~0.1.2": "0.1.2",
    "jsr:@libn/types@~0.1.1": "0.1.1",
    "npm:@types/node@^24.10.1": "24.10.1"
  },
  "jsr": {
    "@libn/base@0.4.0": {
      "integrity": "7b65e692e90a5b4aee82d4edb3493507a5673611a8afec21ef781eba75c639e5"
    },
    "@libn/json@0.4.3": {
      "integrity": "cdbb07daf8633c40a835c5f3f70ef665029f0a8bca3f4dcb103c24a79edcfe4c",
      "dependencies": [
        "jsr:@libn/base"
      ]
    },
    "@libn/result@0.4.1": {
      "integrity": "a04d35c44f185f6bf2c784fdc02db85912fb53323bae2113dab5273ecc7a7070"
    },
    "@libn/router@0.1.2": {
      "integrity": "a4f0c3c74503b3a8ead83a2e70496e4f0e8d84e857ce67cfbfa6db6b6510fde3"
    },
    "@libn/types@0.1.1": {
      "integrity": "0655b467bcdec7298c5afa11162b3d83eae2a07c72948bc469e51f2242b26bf0"
    }
  },
  "npm": {
    "@types/node@24.10.1": {
      "integrity": "sha512-GNWcUTRBgIRJD5zj+Tq0fKOJ5XZajIiBroOF0yvj2bSU1WvNdYS/dn9UxwsujGW4JX06dnHyjV2y9rRaybH0iQ==",
      "dependencies": [
        "undici-types"
      ]
    },
    "undici-types@7.16.0": {
      "integrity": "sha512-Zz+aZWSj8LE6zoxD+xrjh4VfkIG8Ya6LvYkZqtUQGJPZjYl53ypCaUwWqo7eI0x66KBGeRo+mlBEkMSeSZ38Nw=="
    }
  },
  "workspace": {
    "dependencies": [
      "jsr:@libn/json@~0.4.3",
      "jsr:@libn/result@~0.4.1",
      "jsr:@libn/router@~0.1.2",
      "jsr:@libn/types@~0.1.1",
      "npm:@types/node@^24.10.1"
    ]
  }
}
